// !$*UTF8*$!
{
	archiveVersion = 1;
	classes = {
	};
	objectVersion = 46;
	objects = {

/* Begin PBXBuildFile section */
		239A280017F7713600040AEC /* Foundation.framework in Frameworks */ = {isa = PBXBuildFile; fileRef = 239A27FF17F7713600040AEC /* Foundation.framework */; };
		239A280217F7713600040AEC /* CoreGraphics.framework in Frameworks */ = {isa = PBXBuildFile; fileRef = 239A280117F7713600040AEC /* CoreGraphics.framework */; };
		239A280417F7713600040AEC /* UIKit.framework in Frameworks */ = {isa = PBXBuildFile; fileRef = 239A280317F7713600040AEC /* UIKit.framework */; };
		239A280A17F7713600040AEC /* InfoPlist.strings in Resources */ = {isa = PBXBuildFile; fileRef = 239A280817F7713600040AEC /* InfoPlist.strings */; };
		239A280C17F7713600040AEC /* main.m in Sources */ = {isa = PBXBuildFile; fileRef = 239A280B17F7713600040AEC /* main.m */; };
		239A281017F7713600040AEC /* AppDelegate.m in Sources */ = {isa = PBXBuildFile; fileRef = 239A280F17F7713600040AEC /* AppDelegate.m */; };
		239A281317F7713600040AEC /* Main_iPhone.storyboard in Resources */ = {isa = PBXBuildFile; fileRef = 239A281117F7713600040AEC /* Main_iPhone.storyboard */; };
		239A281617F7713600040AEC /* Main_iPad.storyboard in Resources */ = {isa = PBXBuildFile; fileRef = 239A281417F7713600040AEC /* Main_iPad.storyboard */; };
		239A281917F7713600040AEC /* ViewController.m in Sources */ = {isa = PBXBuildFile; fileRef = 239A281817F7713600040AEC /* ViewController.m */; };
		239A281B17F7713600040AEC /* Images.xcassets in Resources */ = {isa = PBXBuildFile; fileRef = 239A281A17F7713600040AEC /* Images.xcassets */; };
		239A282217F7713600040AEC /* XCTest.framework in Frameworks */ = {isa = PBXBuildFile; fileRef = 239A282117F7713600040AEC /* XCTest.framework */; };
		239A282317F7713600040AEC /* Foundation.framework in Frameworks */ = {isa = PBXBuildFile; fileRef = 239A27FF17F7713600040AEC /* Foundation.framework */; };
		239A282417F7713600040AEC /* UIKit.framework in Frameworks */ = {isa = PBXBuildFile; fileRef = 239A280317F7713600040AEC /* UIKit.framework */; };
		239A282C17F7713600040AEC /* InfoPlist.strings in Resources */ = {isa = PBXBuildFile; fileRef = 239A282A17F7713600040AEC /* InfoPlist.strings */; };
		239A282E17F7713600040AEC /* JPClientTests.m in Sources */ = {isa = PBXBuildFile; fileRef = 239A282D17F7713600040AEC /* JPClientTests.m */; };
/* End PBXBuildFile section */

/* Begin PBXContainerItemProxy section */
		239A282517F7713600040AEC /* PBXContainerItemProxy */ = {
			isa = PBXContainerItemProxy;
			containerPortal = 239A27F417F7713600040AEC /* Project object */;
			proxyType = 1;
			remoteGlobalIDString = 239A27FB17F7713600040AEC;
			remoteInfo = JPClient;
		};
/* End PBXContainerItemProxy section */

/* Begin PBXFileReference section */
		239A27FC17F7713600040AEC /* JPClient.app */ = {isa = PBXFileReference; explicitFileType = wrapper.application; includeInIndex = 0; path = JPClient.app; sourceTree = BUILT_PRODUCTS_DIR; };
		239A27FF17F7713600040AEC /* Foundation.framework */ = {isa = PBXFileReference; lastKnownFileType = wrapper.framework; name = Foundation.framework; path = System/Library/Frameworks/Foundation.framework; sourceTree = SDKROOT; };
		239A280117F7713600040AEC /* CoreGraphics.framework */ = {isa = PBXFileReference; lastKnownFileType = wrapper.framework; name = CoreGraphics.framework; path = System/Library/Frameworks/CoreGraphics.framework; sourceTree = SDKROOT; };
		239A280317F7713600040AEC /* UIKit.framework */ = {isa = PBXFileReference; lastKnownFileType = wrapper.framework; name = UIKit.framework; path = System/Library/Frameworks/UIKit.framework; sourceTree = SDKROOT; };
		239A280717F7713600040AEC /* JPClient-Info.plist */ = {isa = PBXFileReference; lastKnownFileType = text.plist.xml; path = "JPClient-Info.plist"; sourceTree = "<group>"; };
		239A280917F7713600040AEC /* en */ = {isa = PBXFileReference; lastKnownFileType = text.plist.strings; name = en; path = en.lproj/InfoPlist.strings; sourceTree = "<group>"; };
		239A280B17F7713600040AEC /* main.m */ = {isa = PBXFileReference; lastKnownFileType = sourcecode.c.objc; path = main.m; sourceTree = "<group>"; };
		239A280D17F7713600040AEC /* JPClient-Prefix.pch */ = {isa = PBXFileReference; lastKnownFileType = sourcecode.c.h; path = "JPClient-Prefix.pch"; sourceTree = "<group>"; };
		239A280E17F7713600040AEC /* AppDelegate.h */ = {isa = PBXFileReference; lastKnownFileType = sourcecode.c.h; path = AppDelegate.h; sourceTree = "<group>"; };
		239A280F17F7713600040AEC /* AppDelegate.m */ = {isa = PBXFileReference; lastKnownFileType = sourcecode.c.objc; path = AppDelegate.m; sourceTree = "<group>"; };
		239A281217F7713600040AEC /* Base */ = {isa = PBXFileReference; lastKnownFileType = file.storyboard; name = Base; path = Base.lproj/Main_iPhone.storyboard; sourceTree = "<group>"; };
		239A281517F7713600040AEC /* Base */ = {isa = PBXFileReference; lastKnownFileType = file.storyboard; name = Base; path = Base.lproj/Main_iPad.storyboard; sourceTree = "<group>"; };
		239A281717F7713600040AEC /* ViewController.h */ = {isa = PBXFileReference; lastKnownFileType = sourcecode.c.h; path = ViewController.h; sourceTree = "<group>"; };
		239A281817F7713600040AEC /* ViewController.m */ = {isa = PBXFileReference; lastKnownFileType = sourcecode.c.objc; path = ViewController.m; sourceTree = "<group>"; };
		239A281A17F7713600040AEC /* Images.xcassets */ = {isa = PBXFileReference; lastKnownFileType = folder.assetcatalog; path = Images.xcassets; sourceTree = "<group>"; };
		239A282017F7713600040AEC /* JPClientTests.xctest */ = {isa = PBXFileReference; explicitFileType = wrapper.cfbundle; includeInIndex = 0; path = JPClientTests.xctest; sourceTree = BUILT_PRODUCTS_DIR; };
		239A282117F7713600040AEC /* XCTest.framework */ = {isa = PBXFileReference; lastKnownFileType = wrapper.framework; name = XCTest.framework; path = Library/Frameworks/XCTest.framework; sourceTree = DEVELOPER_DIR; };
		239A282917F7713600040AEC /* JPClientTests-Info.plist */ = {isa = PBXFileReference; lastKnownFileType = text.plist.xml; path = "JPClientTests-Info.plist"; sourceTree = "<group>"; };
		239A282B17F7713600040AEC /* en */ = {isa = PBXFileReference; lastKnownFileType = text.plist.strings; name = en; path = en.lproj/InfoPlist.strings; sourceTree = "<group>"; };
		239A282D17F7713600040AEC /* JPClientTests.m */ = {isa = PBXFileReference; lastKnownFileType = sourcecode.c.objc; path = JPClientTests.m; sourceTree = "<group>"; };
/* End PBXFileReference section */

/* Begin PBXFrameworksBuildPhase section */
		239A27F917F7713600040AEC /* Frameworks */ = {
			isa = PBXFrameworksBuildPhase;
			buildActionMask = 2147483647;
			files = (
				239A280217F7713600040AEC /* CoreGraphics.framework in Frameworks */,
				239A280417F7713600040AEC /* UIKit.framework in Frameworks */,
				239A280017F7713600040AEC /* Foundation.framework in Frameworks */,
			);
			runOnlyForDeploymentPostprocessing = 0;
		};
		239A281D17F7713600040AEC /* Frameworks */ = {
			isa = PBXFrameworksBuildPhase;
			buildActionMask = 2147483647;
			files = (
				239A282217F7713600040AEC /* XCTest.framework in Frameworks */,
				239A282417F7713600040AEC /* UIKit.framework in Frameworks */,
				239A282317F7713600040AEC /* Foundation.framework in Frameworks */,
			);
			runOnlyForDeploymentPostprocessing = 0;
		};
/* End PBXFrameworksBuildPhase section */

/* Begin PBXGroup section */
		239A27F317F7713600040AEC = {
			isa = PBXGroup;
			children = (
				239A280517F7713600040AEC /* JPClient */,
				239A282717F7713600040AEC /* JPClientTests */,
				239A27FE17F7713600040AEC /* Frameworks */,
				239A27FD17F7713600040AEC /* Products */,
			);
			sourceTree = "<group>";
		};
		239A27FD17F7713600040AEC /* Products */ = {
			isa = PBXGroup;
			children = (
				239A27FC17F7713600040AEC /* JPClient.app */,
				239A282017F7713600040AEC /* JPClientTests.xctest */,
			);
			name = Products;
			sourceTree = "<group>";
		};
		239A27FE17F7713600040AEC /* Frameworks */ = {
			isa = PBXGroup;
			children = (
				239A27FF17F7713600040AEC /* Foundation.framework */,
				239A280117F7713600040AEC /* CoreGraphics.framework */,
				239A280317F7713600040AEC /* UIKit.framework */,
				239A282117F7713600040AEC /* XCTest.framework */,
			);
			name = Frameworks;
			sourceTree = "<group>";
		};
		239A280517F7713600040AEC /* JPClient */ = {
			isa = PBXGroup;
			children = (
				239A280E17F7713600040AEC /* AppDelegate.h */,
				239A280F17F7713600040AEC /* AppDelegate.m */,
				239A281117F7713600040AEC /* Main_iPhone.storyboard */,
				239A281417F7713600040AEC /* Main_iPad.storyboard */,
				239A281717F7713600040AEC /* ViewController.h */,
				239A281817F7713600040AEC /* ViewController.m */,
				239A281A17F7713600040AEC /* Images.xcassets */,
				239A280617F7713600040AEC /* Supporting Files */,
			);
			path = JPClient;
			sourceTree = "<group>";
		};
		239A280617F7713600040AEC /* Supporting Files */ = {
			isa = PBXGroup;
			children = (
				239A280717F7713600040AEC /* JPClient-Info.plist */,
				239A280817F7713600040AEC /* InfoPlist.strings */,
				239A280B17F7713600040AEC /* main.m */,
				239A280D17F7713600040AEC /* JPClient-Prefix.pch */,
			);
			name = "Supporting Files";
			sourceTree = "<group>";
		};
		239A282717F7713600040AEC /* JPClientTests */ = {
			isa = PBXGroup;
			children = (
				239A282D17F7713600040AEC /* JPClientTests.m */,
				239A282817F7713600040AEC /* Supporting Files */,
			);
			path = JPClientTests;
			sourceTree = "<group>";
		};
		239A282817F7713600040AEC /* Supporting Files */ = {
			isa = PBXGroup;
			children = (
				239A282917F7713600040AEC /* JPClientTests-Info.plist */,
				239A282A17F7713600040AEC /* InfoPlist.strings */,
			);
			name = "Supporting Files";
			sourceTree = "<group>";
		};
/* End PBXGroup section */

/* Begin PBXNativeTarget section */
		239A27FB17F7713600040AEC /* JPClient */ = {
			isa = PBXNativeTarget;
			buildConfigurationList = 239A283117F7713600040AEC /* Build configuration list for PBXNativeTarget "JPClient" */;
			buildPhases = (
				239A27F817F7713600040AEC /* Sources */,
				239A27F917F7713600040AEC /* Frameworks */,
				239A27FA17F7713600040AEC /* Resources */,
			);
			buildRules = (
			);
			dependencies = (
			);
			name = JPClient;
			productName = JPClient;
			productReference = 239A27FC17F7713600040AEC /* JPClient.app */;
			productType = "com.apple.product-type.application";
		};
		239A281F17F7713600040AEC /* JPClientTests */ = {
			isa = PBXNativeTarget;
			buildConfigurationList = 239A283417F7713600040AEC /* Build configuration list for PBXNativeTarget "JPClientTests" */;
			buildPhases = (
				239A281C17F7713600040AEC /* Sources */,
				239A281D17F7713600040AEC /* Frameworks */,
				239A281E17F7713600040AEC /* Resources */,
			);
			buildRules = (
			);
			dependencies = (
				239A282617F7713600040AEC /* PBXTargetDependency */,
			);
			name = JPClientTests;
			productName = JPClientTests;
			productReference = 239A282017F7713600040AEC /* JPClientTests.xctest */;
			productType = "com.apple.product-type.bundle.unit-test";
		};
/* End PBXNativeTarget section */

/* Begin PBXProject section */
		239A27F417F7713600040AEC /* Project object */ = {
			isa = PBXProject;
			attributes = {
				LastUpgradeCheck = 0500;
				ORGANIZATIONNAME = "Parkes Twins";
				TargetAttributes = {
					239A27FB17F7713600040AEC = {
						DevelopmentTeam = 3Y3M3A69VC;
					};
					239A281F17F7713600040AEC = {
						TestTargetID = 239A27FB17F7713600040AEC;
					};
				};
			};
			buildConfigurationList = 239A27F717F7713600040AEC /* Build configuration list for PBXProject "JPClient" */;
			compatibilityVersion = "Xcode 3.2";
			developmentRegion = English;
			hasScannedForEncodings = 0;
			knownRegions = (
				en,
				Base,
			);
			mainGroup = 239A27F317F7713600040AEC;
			productRefGroup = 239A27FD17F7713600040AEC /* Products */;
			projectDirPath = "";
			projectRoot = "";
			targets = (
				239A27FB17F7713600040AEC /* JPClient */,
				239A281F17F7713600040AEC /* JPClientTests */,
			);
		};
/* End PBXProject section */

/* Begin PBXResourcesBuildPhase section */
		239A27FA17F7713600040AEC /* Resources */ = {
			isa = PBXResourcesBuildPhase;
			buildActionMask = 2147483647;
			files = (
				239A281617F7713600040AEC /* Main_iPad.storyboard in Resources */,
				239A281B17F7713600040AEC /* Images.xcassets in Resources */,
				239A281317F7713600040AEC /* Main_iPhone.storyboard in Resources */,
				239A280A17F7713600040AEC /* InfoPlist.strings in Resources */,
			);
			runOnlyForDeploymentPostprocessing = 0;
		};
		239A281E17F7713600040AEC /* Resources */ = {
			isa = PBXResourcesBuildPhase;
			buildActionMask = 2147483647;
			files = (
				239A282C17F7713600040AEC /* InfoPlist.strings in Resources */,
			);
			runOnlyForDeploymentPostprocessing = 0;
		};
/* End PBXResourcesBuildPhase section */

/* Begin PBXSourcesBuildPhase section */
		239A27F817F7713600040AEC /* Sources */ = {
			isa = PBXSourcesBuildPhase;
			buildActionMask = 2147483647;
			files = (
				239A281917F7713600040AEC /* ViewController.m in Sources */,
				239A281017F7713600040AEC /* AppDelegate.m in Sources */,
				239A280C17F7713600040AEC /* main.m in Sources */,
			);
			runOnlyForDeploymentPostprocessing = 0;
		};
		239A281C17F7713600040AEC /* Sources */ = {
			isa = PBXSourcesBuildPhase;
			buildActionMask = 2147483647;
			files = (
				239A282E17F7713600040AEC /* JPClientTests.m in Sources */,
			);
			runOnlyForDeploymentPostprocessing = 0;
		};
/* End PBXSourcesBuildPhase section */

/* Begin PBXTargetDependency section */
		239A282617F7713600040AEC /* PBXTargetDependency */ = {
			isa = PBXTargetDependency;
			target = 239A27FB17F7713600040AEC /* JPClient */;
			targetProxy = 239A282517F7713600040AEC /* PBXContainerItemProxy */;
		};
/* End PBXTargetDependency section */

/* Begin PBXVariantGroup section */
		239A280817F7713600040AEC /* InfoPlist.strings */ = {
			isa = PBXVariantGroup;
			children = (
				239A280917F7713600040AEC /* en */,
			);
			name = InfoPlist.strings;
			sourceTree = "<group>";
		};
		239A281117F7713600040AEC /* Main_iPhone.storyboard */ = {
			isa = PBXVariantGroup;
			children = (
				239A281217F7713600040AEC /* Base */,
			);
			name = Main_iPhone.storyboard;
			sourceTree = "<group>";
		};
		239A281417F7713600040AEC /* Main_iPad.storyboard */ = {
			isa = PBXVariantGroup;
			children = (
				239A281517F7713600040AEC /* Base */,
			);
			name = Main_iPad.storyboard;
			sourceTree = "<group>";
		};
		239A282A17F7713600040AEC /* InfoPlist.strings */ = {
			isa = PBXVariantGroup;
			children = (
				239A282B17F7713600040AEC /* en */,
			);
			name = InfoPlist.strings;
			sourceTree = "<group>";
		};
/* End PBXVariantGroup section */

/* Begin XCBuildConfiguration section */
		239A282F17F7713600040AEC /* Debug */ = {
			isa = XCBuildConfiguration;
			buildSettings = {
				ALWAYS_SEARCH_USER_PATHS = NO;
				ARCHS = "$(ARCHS_STANDARD_INCLUDING_64_BIT)";
				CLANG_CXX_LANGUAGE_STANDARD = "gnu++0x";
				CLANG_CXX_LIBRARY = "libc++";
				CLANG_ENABLE_MODULES = YES;
				CLANG_ENABLE_OBJC_ARC = YES;
				CLANG_WARN_BOOL_CONVERSION = YES;
				CLANG_WARN_CONSTANT_CONVERSION = YES;
				CLANG_WARN_DIRECT_OBJC_ISA_USAGE = YES_ERROR;
				CLANG_WARN_EMPTY_BODY = YES;
				CLANG_WARN_ENUM_CONVERSION = YES;
				CLANG_WARN_INT_CONVERSION = YES;
				CLANG_WARN_OBJC_ROOT_CLASS = YES_ERROR;
				CLANG_WARN__DUPLICATE_METHOD_MATCH = YES;
				"CODE_SIGN_IDENTITY[sdk=iphoneos*]" = "iPhone Developer";
				COPY_PHASE_STRIP = NO;
				GCC_C_LANGUAGE_STANDARD = gnu99;
				GCC_DYNAMIC_NO_PIC = NO;
				GCC_OPTIMIZATION_LEVEL = 0;
				GCC_PREPROCESSOR_DEFINITIONS = (
					"DEBUG=1",
					"$(inherited)",
				);
				GCC_SYMBOLS_PRIVATE_EXTERN = NO;
				GCC_WARN_64_TO_32_BIT_CONVERSION = YES;
				GCC_WARN_ABOUT_RETURN_TYPE = YES_ERROR;
				GCC_WARN_UNDECLARED_SELECTOR = YES;
				GCC_WARN_UNINITIALIZED_AUTOS = YES;
				GCC_WARN_UNUSED_FUNCTION = YES;
				GCC_WARN_UNUSED_VARIABLE = YES;
				IPHONEOS_DEPLOYMENT_TARGET = 7.0;
				ONLY_ACTIVE_ARCH = YES;
				SDKROOT = iphoneos;
				TARGETED_DEVICE_FAMILY = "1,2";
			};
			name = Debug;
		};
		239A283017F7713600040AEC /* Release */ = {
			isa = XCBuildConfiguration;
			buildSettings = {
				ALWAYS_SEARCH_USER_PATHS = NO;
				ARCHS = "$(ARCHS_STANDARD_INCLUDING_64_BIT)";
				CLANG_CXX_LANGUAGE_STANDARD = "gnu++0x";
				CLANG_CXX_LIBRARY = "libc++";
				CLANG_ENABLE_MODULES = YES;
				CLANG_ENABLE_OBJC_ARC = YES;
				CLANG_WARN_BOOL_CONVERSION = YES;
				CLANG_WARN_CONSTANT_CONVERSION = YES;
				CLANG_WARN_DIRECT_OBJC_ISA_USAGE = YES_ERROR;
				CLANG_WARN_EMPTY_BODY = YES;
				CLANG_WARN_ENUM_CONVERSION = YES;
				CLANG_WARN_INT_CONVERSION = YES;
				CLANG_WARN_OBJC_ROOT_CLASS = YES_ERROR;
				CLANG_WARN__DUPLICATE_METHOD_MATCH = YES;
				"CODE_SIGN_IDENTITY[sdk=iphoneos*]" = "iPhone Developer";
				COPY_PHASE_STRIP = YES;
				ENABLE_NS_ASSERTIONS = NO;
				GCC_C_LANGUAGE_STANDARD = gnu99;
				GCC_WARN_64_TO_32_BIT_CONVERSION = YES;
				GCC_WARN_ABOUT_RETURN_TYPE = YES_ERROR;
				GCC_WARN_UNDECLARED_SELECTOR = YES;
				GCC_WARN_UNINITIALIZED_AUTOS = YES;
				GCC_WARN_UNUSED_FUNCTION = YES;
				GCC_WARN_UNUSED_VARIABLE = YES;
				IPHONEOS_DEPLOYMENT_TARGET = 7.0;
				SDKROOT = iphoneos;
				TARGETED_DEVICE_FAMILY = "1,2";
				VALIDATE_PRODUCT = YES;
			};
			name = Release;
		};
		239A283217F7713600040AEC /* Debug */ = {
			isa = XCBuildConfiguration;
			buildSettings = {
				ASSETCATALOG_COMPILER_APPICON_NAME = AppIcon;
				ASSETCATALOG_COMPILER_LAUNCHIMAGE_NAME = LaunchImage;
				CODE_SIGN_IDENTITY = "iPhone Developer";
				"CODE_SIGN_IDENTITY[sdk=iphoneos*]" = "iPhone Developer";
				GCC_PRECOMPILE_PREFIX_HEADER = YES;
				GCC_PREFIX_HEADER = "JPClient/JPClient-Prefix.pch";
				INFOPLIST_FILE = "JPClient/JPClient-Info.plist";
				PRODUCT_NAME = "$(TARGET_NAME)";
				PROVISIONING_PROFILE = "";
				WRAPPER_EXTENSION = app;
			};
			name = Debug;
		};
		239A283317F7713600040AEC /* Release */ = {
			isa = XCBuildConfiguration;
			buildSettings = {
				ASSETCATALOG_COMPILER_APPICON_NAME = AppIcon;
				ASSETCATALOG_COMPILER_LAUNCHIMAGE_NAME = LaunchImage;
				CODE_SIGN_IDENTITY = "iPhone Developer";
				"CODE_SIGN_IDENTITY[sdk=iphoneos*]" = "iPhone Developer";
				GCC_PRECOMPILE_PREFIX_HEADER = YES;
				GCC_PREFIX_HEADER = "JPClient/JPClient-Prefix.pch";
				INFOPLIST_FILE = "JPClient/JPClient-Info.plist";
				PRODUCT_NAME = "$(TARGET_NAME)";
				PROVISIONING_PROFILE = "";
				WRAPPER_EXTENSION = app;
			};
			name = Release;
		};
		239A283517F7713600040AEC /* Debug */ = {
			isa = XCBuildConfiguration;
			buildSettings = {
				ARCHS = "$(ARCHS_STANDARD_INCLUDING_64_BIT)";
				BUNDLE_LOADER = "$(BUILT_PRODUCTS_DIR)/JPClient.app/JPClient";
				FRAMEWORK_SEARCH_PATHS = (
					"$(SDKROOT)/Developer/Library/Frameworks",
					"$(inherited)",
					"$(DEVELOPER_FRAMEWORKS_DIR)",
				);
				GCC_PRECOMPILE_PREFIX_HEADER = YES;
				GCC_PREFIX_HEADER = "JPClient/JPClient-Prefix.pch";
				GCC_PREPROCESSOR_DEFINITIONS = (
					"DEBUG=1",
					"$(inherited)",
				);
				INFOPLIST_FILE = "JPClientTests/JPClientTests-Info.plist";
				PRODUCT_NAME = "$(TARGET_NAME)";
				TEST_HOST = "$(BUNDLE_LOADER)";
				WRAPPER_EXTENSION = xctest;
			};
			name = Debug;
		};
		239A283617F7713600040AEC /* Release */ = {
			isa = XCBuildConfiguration;
			buildSettings = {
				ARCHS = "$(ARCHS_STANDARD_INCLUDING_64_BIT)";
				BUNDLE_LOADER = "$(BUILT_PRODUCTS_DIR)/JPClient.app/JPClient";
				FRAMEWORK_SEARCH_PATHS = (
					"$(SDKROOT)/Developer/Library/Frameworks",
					"$(inherited)",
					"$(DEVELOPER_FRAMEWORKS_DIR)",
				);
				GCC_PRECOMPILE_PREFIX_HEADER = YES;
				GCC_PREFIX_HEADER = "JPClient/JPClient-Prefix.pch";
				INFOPLIST_FILE = "JPClientTests/JPClientTests-Info.plist";
				PRODUCT_NAME = "$(TARGET_NAME)";
				TEST_HOST = "$(BUNDLE_LOADER)";
				WRAPPER_EXTENSION = xctest;
			};
			name = Release;
		};
/* End XCBuildConfiguration section */

/* Begin XCConfigurationList section */
		239A27F717F7713600040AEC /* Build configuration list for PBXProject "JPClient" */ = {
			isa = XCConfigurationList;
			buildConfigurations = (
				239A282F17F7713600040AEC /* Debug */,
				239A283017F7713600040AEC /* Release */,
			);
			defaultConfigurationIsVisible = 0;
			defaultConfigurationName = Release;
		};
		239A283117F7713600040AEC /* Build configuration list for PBXNativeTarget "JPClient" */ = {
			isa = XCConfigurationList;
			buildConfigurations = (
				239A283217F7713600040AEC /* Debug */,
				239A283317F7713600040AEC /* Release */,
			);
			defaultConfigurationIsVisible = 0;
		};
		239A283417F7713600040AEC /* Build configuration list for PBXNativeTarget "JPClientTests" */ = {
			isa = XCConfigurationList;
			buildConfigurations = (
				239A283517F7713600040AEC /* Debug */,
				239A283617F7713600040AEC /* Release */,
			);
			defaultConfigurationIsVisible = 0;
		};
/* End XCConfigurationList section */
	};
	rootObject = 239A27F417F7713600040AEC /* Project object */;
}
