
Microsoft Visual Studio Solution File, Format Version 12.00
# Visual Studio 2012
Project("{8BC9CEB8-8B4A-11D0-8D11-00A0C91BC942}") = "JPClient", "JPClient\JPClient.vcxproj", "{BA666791-AB6C-4361-9CFC-0506EEF588C7}"
EndProject
Global
	GlobalSection(SolutionConfigurationPlatforms) = preSolution
		Debug|Win32 = Debug|Win32
		Release|Win32 = Release|Win32
	EndGlobalSection
	GlobalSection(ProjectConfigurationPlatforms) = postSolution
		{BA666791-AB6C-4361-9CFC-0506EEF588C7}.Debug|Win32.ActiveCfg = Debug|Win32
		{BA666791-AB6C-4361-9CFC-0506EEF588C7}.Debug|Win32.Build.0 = Debug|Win32
		{BA666791-AB6C-4361-9CFC-0506EEF588C7}.Release|Win32.ActiveCfg = Release|Win32
		{BA666791-AB6C-4361-9CFC-0506EEF588C7}.Release|Win32.Build.0 = Release|Win32
	EndGlobalSection
	GlobalSection(SolutionProperties) = preSolution
		HideSolutionNode = FALSE
	EndGlobalSection
EndGlobal
